
Microsoft Visual Studio Solution File, Format Version 12.00
# Visual Studio Version 16
VisualStudioVersion = 16.0.32510.428
MinimumVisualStudioVersion = 10.0.40219.1
Project("{FAE04EC0-301F-11D3-BF4B-00C04F79EFBC}") = "SingleLinkedList", "SingleLinkedList\SingleLinkedList.csproj", "{A8192094-6BFD-41C9-B52D-83A105C00310}"
EndProject
Global
	GlobalSection(SolutionConfigurationPlatforms) = preSolution
		Debug|Any CPU = Debug|Any CPU
		Release|Any CPU = Release|Any CPU
	EndGlobalSection
	GlobalSection(ProjectConfigurationPlatforms) = postSolution
		{A8192094-6BFD-41C9-B52D-83A105C00310}.Debug|Any CPU.ActiveCfg = Debug|Any CPU
		{A8192094-6BFD-41C9-B52D-83A105C00310}.Debug|Any CPU.Build.0 = Debug|Any CPU
		{A8192094-6BFD-41C9-B52D-83A105C00310}.Release|Any CPU.ActiveCfg = Release|Any CPU
		{A8192094-6BFD-41C9-B52D-83A105C00310}.Release|Any CPU.Build.0 = Release|Any CPU
	EndGlobalSection
	GlobalSection(SolutionProperties) = preSolution
		HideSolutionNode = FALSE
	EndGlobalSection
	GlobalSection(ExtensibilityGlobals) = postSolution
		SolutionGuid = {7A16C62D-5EF3-4967-9879-73C72CFF4343}
	EndGlobalSection
EndGlobal
